// !$*UTF8*$!
{
	archiveVersion = 1;
	classes = {
	};
	objectVersion = 46;
	objects = {

/* Begin PBXBuildFile section */
		213B59FA1982E21900D6D314 /* Main.storyboard in Resources */ = {isa = PBXBuildFile; fileRef = 213B59F91982E21900D6D314 /* Main.storyboard */; };
		213B59FB1982E21900D6D314 /* Main.storyboard in Resources */ = {isa = PBXBuildFile; fileRef = 213B59F91982E21900D6D314 /* Main.storyboard */; };
		21540528199478B000B65951 /* peacecorpsmn_logo.gif in Resources */ = {isa = PBXBuildFile; fileRef = 21540527199478B000B65951 /* peacecorpsmn_logo.gif */; };
		2154052A19947DE700B65951 /* down4-25.png in Resources */ = {isa = PBXBuildFile; fileRef = 2154052919947DE700B65951 /* down4-25.png */; };
		2154052E19948EEE00B65951 /* GorgeousLine.png in Resources */ = {isa = PBXBuildFile; fileRef = 2154052D19948EEE00B65951 /* GorgeousLine.png */; };
		215711E219673D0D009A533C /* AppDelegate.swift in Sources */ = {isa = PBXBuildFile; fileRef = 215711E119673D0D009A533C /* AppDelegate.swift */; };
		215711E519673D0D009A533C /* swiftPeaceTrack_3.xcdatamodeld in Sources */ = {isa = PBXBuildFile; fileRef = 215711E319673D0D009A533C /* swiftPeaceTrack_3.xcdatamodeld */; };
		215711E719673D0E009A533C /* Images.xcassets in Resources */ = {isa = PBXBuildFile; fileRef = 215711E619673D0D009A533C /* Images.xcassets */; };
		215711F319673D0E009A533C /* swiftPeaceTrack_3Tests.swift in Sources */ = {isa = PBXBuildFile; fileRef = 215711F219673D0E009A533C /* swiftPeaceTrack_3Tests.swift */; };
		215711FF19673E8D009A533C /* VCMain.swift in Sources */ = {isa = PBXBuildFile; fileRef = 215711FE19673E8D009A533C /* VCMain.swift */; };
		215B0802199C4FCD005F41AF /* Users.swift in Sources */ = {isa = PBXBuildFile; fileRef = 215B0801199C4FCD005F41AF /* Users.swift */; };
		21763DCB197F12D4007BC9D0 /* Property List.plist in Resources */ = {isa = PBXBuildFile; fileRef = 21763DCA197F12D3007BC9D0 /* Property List.plist */; };
		21763DCD197F134F007BC9D0 /* sectors.plist in Resources */ = {isa = PBXBuildFile; fileRef = 21763DCC197F134F007BC9D0 /* sectors.plist */; };
		21789109199C149A00692E2B /* Tasks.swift in Sources */ = {isa = PBXBuildFile; fileRef = 21789108199C149A00692E2B /* Tasks.swift */; };
		21872EB019958026009D0ABD /* SEPushNoAnimationSegue.swift in Sources */ = {isa = PBXBuildFile; fileRef = 21872EAF19958026009D0ABD /* SEPushNoAnimationSegue.swift */; };
		219ED7AA199DFC1C002600D0 /* Untitled drawing-2.png in Resources */ = {isa = PBXBuildFile; fileRef = 219ED7A9199DFC1C002600D0 /* Untitled drawing-2.png */; };
		21CFD9C0198AE1AA00DCECE4 /* TaskManagerViewController.swift in Sources */ = {isa = PBXBuildFile; fileRef = 21CFD9BF198AE1AA00DCECE4 /* TaskManagerViewController.swift */; };
		21CFD9C2198AE1B900DCECE4 /* TaskDetailViewController.swift in Sources */ = {isa = PBXBuildFile; fileRef = 21CFD9C1198AE1B900DCECE4 /* TaskDetailViewController.swift */; };
/* End PBXBuildFile section */

/* Begin PBXContainerItemProxy section */
		215711ED19673D0E009A533C /* PBXContainerItemProxy */ = {
			isa = PBXContainerItemProxy;
			containerPortal = 215711D419673D0D009A533C /* Project object */;
			proxyType = 1;
			remoteGlobalIDString = 215711DB19673D0D009A533C;
			remoteInfo = "swiftPeaceTrack<3";
		};
		21BD58BE198AE98F00D4AE02 /* PBXContainerItemProxy */ = {
			isa = PBXContainerItemProxy;
			containerPortal = 215711D419673D0D009A533C /* Project object */;
			proxyType = 1;
			remoteGlobalIDString = 215711DB19673D0D009A533C;
			remoteInfo = "swiftPeaceTrack<3";
		};
/* End PBXContainerItemProxy section */

/* Begin PBXFileReference section */
		213B59F91982E21900D6D314 /* Main.storyboard */ = {isa = PBXFileReference; fileEncoding = 4; lastKnownFileType = file.storyboard; path = Main.storyboard; sourceTree = "<group>"; };
		21540527199478B000B65951 /* peacecorpsmn_logo.gif */ = {isa = PBXFileReference; lastKnownFileType = image.gif; path = peacecorpsmn_logo.gif; sourceTree = "<group>"; };
		2154052919947DE700B65951 /* down4-25.png */ = {isa = PBXFileReference; lastKnownFileType = image.png; path = "down4-25.png"; sourceTree = "<group>"; };
		2154052D19948EEE00B65951 /* GorgeousLine.png */ = {isa = PBXFileReference; lastKnownFileType = image.png; path = GorgeousLine.png; sourceTree = "<group>"; };
		215711DC19673D0D009A533C /* PEACETRACKiOS.temp_caseinsensitive_rename.temp_caseinsensitive_rename.temp_caseinsensitive_rename.app */ = {isa = PBXFileReference; explicitFileType = wrapper.application; includeInIndex = 0; path = PEACETRACKiOS.temp_caseinsensitive_rename.temp_caseinsensitive_rename.temp_caseinsensitive_rename.app; sourceTree = BUILT_PRODUCTS_DIR; };
		215711E019673D0D009A533C /* Info.plist */ = {isa = PBXFileReference; lastKnownFileType = text.plist.xml; path = Info.plist; sourceTree = "<group>"; };
		215711E119673D0D009A533C /* AppDelegate.swift */ = {isa = PBXFileReference; lastKnownFileType = sourcecode.swift; path = AppDelegate.swift; sourceTree = "<group>"; };
		215711E419673D0D009A533C /* swiftPeaceTrack_3.xcdatamodel */ = {isa = PBXFileReference; lastKnownFileType = wrapper.xcdatamodel; path = swiftPeaceTrack_3.xcdatamodel; sourceTree = "<group>"; };
		215711E619673D0D009A533C /* Images.xcassets */ = {isa = PBXFileReference; lastKnownFileType = folder.assetcatalog; path = Images.xcassets; sourceTree = "<group>"; };
		215711EC19673D0E009A533C /* PEACETRACKiOS.temp_caseinsensitive_rename.temp_caseinsensitive_rename.temp_caseinsensitive_renameTests.xctest */ = {isa = PBXFileReference; explicitFileType = wrapper.cfbundle; includeInIndex = 0; path = PEACETRACKiOS.temp_caseinsensitive_rename.temp_caseinsensitive_rename.temp_caseinsensitive_renameTests.xctest; sourceTree = BUILT_PRODUCTS_DIR; };
		215711F119673D0E009A533C /* Info.plist */ = {isa = PBXFileReference; lastKnownFileType = text.plist.xml; path = Info.plist; sourceTree = "<group>"; };
		215711F219673D0E009A533C /* swiftPeaceTrack_3Tests.swift */ = {isa = PBXFileReference; lastKnownFileType = sourcecode.swift; path = swiftPeaceTrack_3Tests.swift; sourceTree = "<group>"; };
		215711FE19673E8D009A533C /* VCMain.swift */ = {isa = PBXFileReference; fileEncoding = 4; lastKnownFileType = sourcecode.swift; path = VCMain.swift; sourceTree = "<group>"; };
		215B0801199C4FCD005F41AF /* Users.swift */ = {isa = PBXFileReference; fileEncoding = 4; lastKnownFileType = sourcecode.swift; path = Users.swift; sourceTree = "<group>"; };
		21763DCA197F12D3007BC9D0 /* Property List.plist */ = {isa = PBXFileReference; fileEncoding = 4; lastKnownFileType = text.plist.xml; path = "Property List.plist"; sourceTree = "<group>"; };
		21763DCC197F134F007BC9D0 /* sectors.plist */ = {isa = PBXFileReference; fileEncoding = 4; lastKnownFileType = text.plist.xml; path = sectors.plist; sourceTree = "<group>"; };
		21789108199C149A00692E2B /* Tasks.swift */ = {isa = PBXFileReference; fileEncoding = 4; lastKnownFileType = sourcecode.swift; name = Tasks.swift; path = ../Tasks.swift; sourceTree = "<group>"; };
		21872EAF19958026009D0ABD /* SEPushNoAnimationSegue.swift */ = {isa = PBXFileReference; fileEncoding = 4; lastKnownFileType = sourcecode.swift; path = SEPushNoAnimationSegue.swift; sourceTree = "<group>"; };
		219ED7A9199DFC1C002600D0 /* Untitled drawing-2.png */ = {isa = PBXFileReference; lastKnownFileType = image.png; path = "Untitled drawing-2.png"; sourceTree = "<group>"; };
		21CFD9BF198AE1AA00DCECE4 /* TaskManagerViewController.swift */ = {isa = PBXFileReference; fileEncoding = 4; lastKnownFileType = sourcecode.swift; path = TaskManagerViewController.swift; sourceTree = "<group>"; };
		21CFD9C1198AE1B900DCECE4 /* TaskDetailViewController.swift */ = {isa = PBXFileReference; fileEncoding = 4; lastKnownFileType = sourcecode.swift; path = TaskDetailViewController.swift; sourceTree = "<group>"; };
		21DE4EE2198AF202004F1AC5 /* swiftPeaceTrack<3-Bridging-Header.h */ = {isa = PBXFileReference; lastKnownFileType = sourcecode.c.h; path = "swiftPeaceTrack<3-Bridging-Header.h"; sourceTree = "<group>"; };
/* End PBXFileReference section */

/* Begin PBXFrameworksBuildPhase section */
		215711D919673D0D009A533C /* Frameworks */ = {
			isa = PBXFrameworksBuildPhase;
			buildActionMask = 2147483647;
			files = (
			);
			runOnlyForDeploymentPostprocessing = 0;
		};
		215711E919673D0E009A533C /* Frameworks */ = {
			isa = PBXFrameworksBuildPhase;
			buildActionMask = 2147483647;
			files = (
			);
			runOnlyForDeploymentPostprocessing = 0;
		};
/* End PBXFrameworksBuildPhase section */

/* Begin PBXGroup section */
		215711D319673D0D009A533C = {
			isa = PBXGroup;
			children = (
				219ED7A9199DFC1C002600D0 /* Untitled drawing-2.png */,
				2154052D19948EEE00B65951 /* GorgeousLine.png */,
				2154052919947DE700B65951 /* down4-25.png */,
				21540527199478B000B65951 /* peacecorpsmn_logo.gif */,
				215711DE19673D0D009A533C /* PEACETRACKiOSS */,
				215711EF19673D0E009A533C /* PEACETRACKiOSTestss */,
				215711DD19673D0D009A533C /* Products */,
			);
			sourceTree = "<group>";
		};
		215711DD19673D0D009A533C /* Products */ = {
			isa = PBXGroup;
			children = (
				215711DC19673D0D009A533C /* PEACETRACKiOS.temp_caseinsensitive_rename.temp_caseinsensitive_rename.temp_caseinsensitive_rename.app */,
				215711EC19673D0E009A533C /* PEACETRACKiOS.temp_caseinsensitive_rename.temp_caseinsensitive_rename.temp_caseinsensitive_renameTests.xctest */,
			);
			name = Products;
			sourceTree = "<group>";
		};
		215711DE19673D0D009A533C /* PEACETRACKiOSS */ = {
			isa = PBXGroup;
			children = (
				21789108199C149A00692E2B /* Tasks.swift */,
				21872EAF19958026009D0ABD /* SEPushNoAnimationSegue.swift */,
				21CFD9C1198AE1B900DCECE4 /* TaskDetailViewController.swift */,
				21CFD9BF198AE1AA00DCECE4 /* TaskManagerViewController.swift */,
				213B59F91982E21900D6D314 /* Main.storyboard */,
				215711E119673D0D009A533C /* AppDelegate.swift */,
				215711E619673D0D009A533C /* Images.xcassets */,
				215711E319673D0D009A533C /* swiftPeaceTrack_3.xcdatamodeld */,
				215B0801199C4FCD005F41AF /* Users.swift */,
				215711DF19673D0D009A533C /* Supporting Files */,
				215711FE19673E8D009A533C /* VCMain.swift */,
				21763DCA197F12D3007BC9D0 /* Property List.plist */,
				21763DCC197F134F007BC9D0 /* sectors.plist */,
				21DE4EE2198AF202004F1AC5 /* swiftPeaceTrack<3-Bridging-Header.h */,
			);
			path = PEACETRACKiOSS;
			sourceTree = "<group>";
		};
		215711DF19673D0D009A533C /* Supporting Files */ = {
			isa = PBXGroup;
			children = (
				215711E019673D0D009A533C /* Info.plist */,
			);
			name = "Supporting Files";
			sourceTree = "<group>";
		};
		215711EF19673D0E009A533C /* PEACETRACKiOSTestss */ = {
			isa = PBXGroup;
			children = (
				215711F219673D0E009A533C /* swiftPeaceTrack_3Tests.swift */,
				215711F019673D0E009A533C /* Supporting Files */,
			);
			path = PEACETRACKiOSTestss;
			sourceTree = "<group>";
		};
		215711F019673D0E009A533C /* Supporting Files */ = {
			isa = PBXGroup;
			children = (
				215711F119673D0E009A533C /* Info.plist */,
			);
			name = "Supporting Files";
			sourceTree = "<group>";
		};
/* End PBXGroup section */

/* Begin PBXNativeTarget section */
		215711DB19673D0D009A533C /* PEACETRACKiOS.temp_caseinsensitive_rename.temp_caseinsensitive_rename.temp_caseinsensitive_rename */ = {
			isa = PBXNativeTarget;
			buildConfigurationList = 215711F619673D0E009A533C /* Build configuration list for PBXNativeTarget "PEACETRACKiOS.temp_caseinsensitive_rename.temp_caseinsensitive_rename.temp_caseinsensitive_rename" */;
			buildPhases = (
				215711D819673D0D009A533C /* Sources */,
				215711D919673D0D009A533C /* Frameworks */,
				215711DA19673D0D009A533C /* Resources */,
			);
			buildRules = (
			);
			dependencies = (
			);
			name = PEACETRACKiOS.temp_caseinsensitive_rename.temp_caseinsensitive_rename.temp_caseinsensitive_rename;
			productName = "swiftPeaceTrack<3";
			productReference = 215711DC19673D0D009A533C /* PEACETRACKiOS.temp_caseinsensitive_rename.temp_caseinsensitive_rename.temp_caseinsensitive_rename.app */;
			productType = "com.apple.product-type.application";
		};
		215711EB19673D0E009A533C /* PEACETRACKiOS.temp_caseinsensitive_rename.temp_caseinsensitive_rename.temp_caseinsensitive_renameTests */ = {
			isa = PBXNativeTarget;
			buildConfigurationList = 215711F919673D0E009A533C /* Build configuration list for PBXNativeTarget "PEACETRACKiOS.temp_caseinsensitive_rename.temp_caseinsensitive_rename.temp_caseinsensitive_renameTests" */;
			buildPhases = (
				215711E819673D0E009A533C /* Sources */,
				215711E919673D0E009A533C /* Frameworks */,
				215711EA19673D0E009A533C /* Resources */,
			);
			buildRules = (
			);
			dependencies = (
				215711EE19673D0E009A533C /* PBXTargetDependency */,
				21BD58BF198AE98F00D4AE02 /* PBXTargetDependency */,
			);
			name = PEACETRACKiOS.temp_caseinsensitive_rename.temp_caseinsensitive_rename.temp_caseinsensitive_renameTests;
			productName = "swiftPeaceTrack<3Tests";
			productReference = 215711EC19673D0E009A533C /* PEACETRACKiOS.temp_caseinsensitive_rename.temp_caseinsensitive_rename.temp_caseinsensitive_renameTests.xctest */;
			productType = "com.apple.product-type.bundle.unit-test";
		};
/* End PBXNativeTarget section */

/* Begin PBXProject section */
		215711D419673D0D009A533C /* Project object */ = {
			isa = PBXProject;
			attributes = {
				LastUpgradeCheck = 0600;
				ORGANIZATIONNAME = "Shelagh McGowan";
				TargetAttributes = {
					215711DB19673D0D009A533C = {
						CreatedOnToolsVersion = 6.0;
					};
					215711EB19673D0E009A533C = {
						CreatedOnToolsVersion = 6.0;
						TestTargetID = 215711DB19673D0D009A533C;
					};
				};
			};
			buildConfigurationList = 215711D719673D0D009A533C /* Build configuration list for PBXProject "PEACETRACKiOS" */;
			compatibilityVersion = "Xcode 3.2";
			developmentRegion = English;
			hasScannedForEncodings = 0;
			knownRegions = (
				en,
			);
			mainGroup = 215711D319673D0D009A533C;
			productRefGroup = 215711DD19673D0D009A533C /* Products */;
			projectDirPath = "";
			projectRoot = "";
			targets = (
				215711DB19673D0D009A533C /* PEACETRACKiOS.temp_caseinsensitive_rename.temp_caseinsensitive_rename.temp_caseinsensitive_rename */,
				215711EB19673D0E009A533C /* PEACETRACKiOS.temp_caseinsensitive_rename.temp_caseinsensitive_rename.temp_caseinsensitive_renameTests */,
			);
		};
/* End PBXProject section */

/* Begin PBXResourcesBuildPhase section */
		215711DA19673D0D009A533C /* Resources */ = {
			isa = PBXResourcesBuildPhase;
			buildActionMask = 2147483647;
			files = (
				21540528199478B000B65951 /* peacecorpsmn_logo.gif in Resources */,
				2154052A19947DE700B65951 /* down4-25.png in Resources */,
				21763DCB197F12D4007BC9D0 /* Property List.plist in Resources */,
				215711E719673D0E009A533C /* Images.xcassets in Resources */,
				21763DCD197F134F007BC9D0 /* sectors.plist in Resources */,
				219ED7AA199DFC1C002600D0 /* Untitled drawing-2.png in Resources */,
				2154052E19948EEE00B65951 /* GorgeousLine.png in Resources */,
				213B59FA1982E21900D6D314 /* Main.storyboard in Resources */,
			);
			runOnlyForDeploymentPostprocessing = 0;
		};
		215711EA19673D0E009A533C /* Resources */ = {
			isa = PBXResourcesBuildPhase;
			buildActionMask = 2147483647;
			files = (
				213B59FB1982E21900D6D314 /* Main.storyboard in Resources */,
			);
			runOnlyForDeploymentPostprocessing = 0;
		};
/* End PBXResourcesBuildPhase section */

/* Begin PBXSourcesBuildPhase section */
		215711D819673D0D009A533C /* Sources */ = {
			isa = PBXSourcesBuildPhase;
			buildActionMask = 2147483647;
			files = (
				215B0802199C4FCD005F41AF /* Users.swift in Sources */,
				215711E519673D0D009A533C /* swiftPeaceTrack_3.xcdatamodeld in Sources */,
				215711E219673D0D009A533C /* AppDelegate.swift in Sources */,
				215711FF19673E8D009A533C /* VCMain.swift in Sources */,
				21CFD9C0198AE1AA00DCECE4 /* TaskManagerViewController.swift in Sources */,
				21789109199C149A00692E2B /* Tasks.swift in Sources */,
				21872EB019958026009D0ABD /* SEPushNoAnimationSegue.swift in Sources */,
				21CFD9C2198AE1B900DCECE4 /* TaskDetailViewController.swift in Sources */,
			);
			runOnlyForDeploymentPostprocessing = 0;
		};
		215711E819673D0E009A533C /* Sources */ = {
			isa = PBXSourcesBuildPhase;
			buildActionMask = 2147483647;
			files = (
				215711F319673D0E009A533C /* swiftPeaceTrack_3Tests.swift in Sources */,
			);
			runOnlyForDeploymentPostprocessing = 0;
		};
/* End PBXSourcesBuildPhase section */

/* Begin PBXTargetDependency section */
		215711EE19673D0E009A533C /* PBXTargetDependency */ = {
			isa = PBXTargetDependency;
			target = 215711DB19673D0D009A533C /* PEACETRACKiOS.temp_caseinsensitive_rename.temp_caseinsensitive_rename.temp_caseinsensitive_rename */;
			targetProxy = 215711ED19673D0E009A533C /* PBXContainerItemProxy */;
		};
		21BD58BF198AE98F00D4AE02 /* PBXTargetDependency */ = {
			isa = PBXTargetDependency;
			target = 215711DB19673D0D009A533C /* PEACETRACKiOS.temp_caseinsensitive_rename.temp_caseinsensitive_rename.temp_caseinsensitive_rename */;
			targetProxy = 21BD58BE198AE98F00D4AE02 /* PBXContainerItemProxy */;
		};
/* End PBXTargetDependency section */

/* Begin XCBuildConfiguration section */
		215711F419673D0E009A533C /* Debug */ = {
			isa = XCBuildConfiguration;
			buildSettings = {
				ALWAYS_SEARCH_USER_PATHS = NO;
				CLANG_CXX_LANGUAGE_STANDARD = "gnu++0x";
				CLANG_CXX_LIBRARY = "libc++";
				CLANG_ENABLE_MODULES = YES;
				CLANG_ENABLE_OBJC_ARC = YES;
				CLANG_WARN_BOOL_CONVERSION = YES;
				CLANG_WARN_CONSTANT_CONVERSION = YES;
				CLANG_WARN_DIRECT_OBJC_ISA_USAGE = YES_ERROR;
				CLANG_WARN_EMPTY_BODY = YES;
				CLANG_WARN_ENUM_CONVERSION = YES;
				CLANG_WARN_INT_CONVERSION = YES;
				CLANG_WARN_OBJC_ROOT_CLASS = YES_ERROR;
				CLANG_WARN_UNREACHABLE_CODE = YES;
				CLANG_WARN__DUPLICATE_METHOD_MATCH = YES;
				"CODE_SIGN_IDENTITY[sdk=iphoneos*]" = "iPhone Developer";
				COPY_PHASE_STRIP = NO;
				ENABLE_STRICT_OBJC_MSGSEND = YES;
				GCC_C_LANGUAGE_STANDARD = gnu99;
				GCC_DYNAMIC_NO_PIC = NO;
				GCC_OPTIMIZATION_LEVEL = 0;
				GCC_PREPROCESSOR_DEFINITIONS = (
					"DEBUG=1",
					"$(inherited)",
				);
				GCC_SYMBOLS_PRIVATE_EXTERN = NO;
				GCC_WARN_64_TO_32_BIT_CONVERSION = YES;
				GCC_WARN_ABOUT_RETURN_TYPE = YES_ERROR;
				GCC_WARN_UNDECLARED_SELECTOR = YES;
				GCC_WARN_UNINITIALIZED_AUTOS = YES_AGGRESSIVE;
				GCC_WARN_UNUSED_FUNCTION = YES;
				GCC_WARN_UNUSED_VARIABLE = YES;
				IPHONEOS_DEPLOYMENT_TARGET = 8.0;
				METAL_ENABLE_DEBUG_INFO = YES;
				ONLY_ACTIVE_ARCH = YES;
				SDKROOT = iphoneos;
				SWIFT_OPTIMIZATION_LEVEL = "-Onone";
			};
			name = Debug;
		};
		215711F519673D0E009A533C /* Release */ = {
			isa = XCBuildConfiguration;
			buildSettings = {
				ALWAYS_SEARCH_USER_PATHS = NO;
				CLANG_CXX_LANGUAGE_STANDARD = "gnu++0x";
				CLANG_CXX_LIBRARY = "libc++";
				CLANG_ENABLE_MODULES = YES;
				CLANG_ENABLE_OBJC_ARC = YES;
				CLANG_WARN_BOOL_CONVERSION = YES;
				CLANG_WARN_CONSTANT_CONVERSION = YES;
				CLANG_WARN_DIRECT_OBJC_ISA_USAGE = YES_ERROR;
				CLANG_WARN_EMPTY_BODY = YES;
				CLANG_WARN_ENUM_CONVERSION = YES;
				CLANG_WARN_INT_CONVERSION = YES;
				CLANG_WARN_OBJC_ROOT_CLASS = YES_ERROR;
				CLANG_WARN_UNREACHABLE_CODE = YES;
				CLANG_WARN__DUPLICATE_METHOD_MATCH = YES;
				"CODE_SIGN_IDENTITY[sdk=iphoneos*]" = "iPhone Developer";
				COPY_PHASE_STRIP = YES;
				ENABLE_NS_ASSERTIONS = NO;
				ENABLE_STRICT_OBJC_MSGSEND = YES;
				GCC_C_LANGUAGE_STANDARD = gnu99;
				GCC_WARN_64_TO_32_BIT_CONVERSION = YES;
				GCC_WARN_ABOUT_RETURN_TYPE = YES_ERROR;
				GCC_WARN_UNDECLARED_SELECTOR = YES;
				GCC_WARN_UNINITIALIZED_AUTOS = YES_AGGRESSIVE;
				GCC_WARN_UNUSED_FUNCTION = YES;
				GCC_WARN_UNUSED_VARIABLE = YES;
				IPHONEOS_DEPLOYMENT_TARGET = 8.0;
				METAL_ENABLE_DEBUG_INFO = NO;
				SDKROOT = iphoneos;
				VALIDATE_PRODUCT = YES;
			};
			name = Release;
		};
		215711F719673D0E009A533C /* Debug */ = {
			isa = XCBuildConfiguration;
			buildSettings = {
				ASSETCATALOG_COMPILER_APPICON_NAME = AppIcon;
				ASSETCATALOG_COMPILER_LAUNCHIMAGE_NAME = LaunchImage;
				CLANG_ENABLE_MODULES = YES;
				INFOPLIST_FILE = "swiftPeaceTrack<3/Info.plist";
				LD_RUNPATH_SEARCH_PATHS = "$(inherited) @executable_path/Frameworks";
				PRODUCT_NAME = PEACETRACKiOS.temp_caseinsensitive_rename.temp_caseinsensitive_rename.temp_caseinsensitive_rename;
				SWIFT_OBJC_BRIDGING_HEADER = "swiftPeaceTrack<3/swiftPeaceTrack<3-Bridging-Header.h";
				SWIFT_OPTIMIZATION_LEVEL = "-Onone";
			};
			name = Debug;
		};
		215711F819673D0E009A533C /* Release */ = {
			isa = XCBuildConfiguration;
			buildSettings = {
				ASSETCATALOG_COMPILER_APPICON_NAME = AppIcon;
				ASSETCATALOG_COMPILER_LAUNCHIMAGE_NAME = LaunchImage;
				CLANG_ENABLE_MODULES = YES;
				INFOPLIST_FILE = "swiftPeaceTrack<3/Info.plist";
				LD_RUNPATH_SEARCH_PATHS = "$(inherited) @executable_path/Frameworks";
				PRODUCT_NAME = PEACETRACKiOS.temp_caseinsensitive_rename.temp_caseinsensitive_rename.temp_caseinsensitive_rename;
				SWIFT_OBJC_BRIDGING_HEADER = "swiftPeaceTrack<3/swiftPeaceTrack<3-Bridging-Header.h";
			};
			name = Release;
		};
		215711FA19673D0E009A533C /* Debug */ = {
			isa = XCBuildConfiguration;
			buildSettings = {
				BUNDLE_LOADER = "$(BUILT_PRODUCTS_DIR)/swiftPeaceTrack<3.app/swiftPeaceTrack<3";
				FRAMEWORK_SEARCH_PATHS = (
					"$(SDKROOT)/Developer/Library/Frameworks",
					"$(inherited)",
				);
				GCC_PREPROCESSOR_DEFINITIONS = (
					"DEBUG=1",
					"$(inherited)",
				);
				INFOPLIST_FILE = "swiftPeaceTrack<3Tests/Info.plist";
				LD_RUNPATH_SEARCH_PATHS = "$(inherited) @executable_path/Frameworks @loader_path/Frameworks";
				METAL_ENABLE_DEBUG_INFO = YES;
				PRODUCT_NAME = PEACETRACKiOS.temp_caseinsensitive_rename.temp_caseinsensitive_rename.temp_caseinsensitive_renameTests;
				TEST_HOST = "$(BUNDLE_LOADER)";
			};
			name = Debug;
		};
		215711FB19673D0E009A533C /* Release */ = {
			isa = XCBuildConfiguration;
			buildSettings = {
				BUNDLE_LOADER = "$(BUILT_PRODUCTS_DIR)/swiftPeaceTrack<3.app/swiftPeaceTrack<3";
				FRAMEWORK_SEARCH_PATHS = (
					"$(SDKROOT)/Developer/Library/Frameworks",
					"$(inherited)",
				);
				INFOPLIST_FILE = "swiftPeaceTrack<3Tests/Info.plist";
				LD_RUNPATH_SEARCH_PATHS = "$(inherited) @executable_path/Frameworks @loader_path/Frameworks";
				METAL_ENABLE_DEBUG_INFO = NO;
				PRODUCT_NAME = PEACETRACKiOS.temp_caseinsensitive_rename.temp_caseinsensitive_rename.temp_caseinsensitive_renameTests;
				TEST_HOST = "$(BUNDLE_LOADER)";
			};
			name = Release;
		};
/* End XCBuildConfiguration section */

/* Begin XCConfigurationList section */
		215711D719673D0D009A533C /* Build configuration list for PBXProject "PEACETRACKiOS" */ = {
			isa = XCConfigurationList;
			buildConfigurations = (
				215711F419673D0E009A533C /* Debug */,
				215711F519673D0E009A533C /* Release */,
			);
			defaultConfigurationIsVisible = 0;
			defaultConfigurationName = Release;
		};
		215711F619673D0E009A533C /* Build configuration list for PBXNativeTarget "PEACETRACKiOS.temp_caseinsensitive_rename.temp_caseinsensitive_rename.temp_caseinsensitive_rename" */ = {
			isa = XCConfigurationList;
			buildConfigurations = (
				215711F719673D0E009A533C /* Debug */,
				215711F819673D0E009A533C /* Release */,
			);
			defaultConfigurationIsVisible = 0;
			defaultConfigurationName = Release;
		};
		215711F919673D0E009A533C /* Build configuration list for PBXNativeTarget "PEACETRACKiOS.temp_caseinsensitive_rename.temp_caseinsensitive_rename.temp_caseinsensitive_renameTests" */ = {
			isa = XCConfigurationList;
			buildConfigurations = (
				215711FA19673D0E009A533C /* Debug */,
				215711FB19673D0E009A533C /* Release */,
			);
			defaultConfigurationIsVisible = 0;
			defaultConfigurationName = Release;
		};
/* End XCConfigurationList section */

/* Begin XCVersionGroup section */
		215711E319673D0D009A533C /* swiftPeaceTrack_3.xcdatamodeld */ = {
			isa = XCVersionGroup;
			children = (
				215711E419673D0D009A533C /* swiftPeaceTrack_3.xcdatamodel */,
			);
			currentVersion = 215711E419673D0D009A533C /* swiftPeaceTrack_3.xcdatamodel */;
			path = swiftPeaceTrack_3.xcdatamodeld;
			sourceTree = "<group>";
			versionGroupType = wrapper.xcdatamodel;
		};
/* End XCVersionGroup section */
	};
	rootObject = 215711D419673D0D009A533C /* Project object */;
}
